# THIS IS AN AUTOGENERATED FILE. DO NOT EDIT THIS FILE DIRECTLY.
# yarn lockfile v1


"@faker-js/faker@^7.3.0":
  version "7.3.0"
  resolved "https://registry.yarnpkg.com/@faker-js/faker/-/faker-7.3.0.tgz#a508df35ded585c4e071cb5d9d7c89623c837fae"
  integrity sha512-1W0PZezq2rxlAssoWemi9gFRD8IQxvf0FPL5Km3TOmGHFG7ib0TbFBJ0yC7D/1NsxunjNTK6WjUXV8ao/mKZ5w==

"@types/lodash@^4.14.182":
  version "4.14.182"
  resolved "https://registry.yarnpkg.com/@types/lodash/-/lodash-4.14.182.tgz#05301a4d5e62963227eaafe0ce04dd77c54ea5c2"
  integrity sha512-/THyiqyQAP9AfARo4pF+aCGcyiQ94tX/Is2I7HofNRqoYLgN1PBoOWu2/zTA5zMxzP5EFutMtWtGAFRKUe961Q==

"@types/validate-objectid@^0.2.0":
  version "0.2.0"
  resolved "https://registry.yarnpkg.com/@types/validate-objectid/-/validate-objectid-0.2.0.tgz#2c106da42aa5a2736d7b920f4b29a15ab0ba5837"
  integrity sha512-0/5m78lpWPLNUtcJCu8J0TnRcr3jc68ERAEMmce8hX1VMECfB8DwY+cLLfMbVO7FwHNd+Ya7XfOr0qBn/yoMlQ==

lodash@^4.17.21:
  version "4.17.21"
  resolved "https://registry.yarnpkg.com/lodash/-/lodash-4.17.21.tgz#679591c564c3bffaae8454cf0b3df370c3d6911c"
  integrity sha512-v2kDEe57lecTulaDIuNTPy3Ry4gLGJ6Z1O3vE1krgXZNrsQ+LFTGHVxVjcXPs17LhbZVGedAJv8XZ1tvj5FvSg==

mongo-objectid@^1.2.2:
  version "1.2.2"
  resolved "https://registry.yarnpkg.com/mongo-objectid/-/mongo-objectid-1.2.2.tgz#1905eefca5c068b3bcb06685aed92ab201a243a4"
  integrity sha512-tgpARlHojuPmCIr+NFke8iShAH342zqpG7H3bUTXImj8z9eOtsGYcgneeFKDLsrlIi/ZJi9r18Wsr1dSwTLlWQ==

validate-objectid@^0.2.0:
  version "0.2.0"
  resolved "https://registry.yarnpkg.com/validate-objectid/-/validate-objectid-0.2.0.tgz#bdf5961f3dc4a89bc3dadbe708835054f53e2a5b"
  integrity sha512-oqMB45QUkRhMwKEsRNugnpqVI5AMh4mk3PYAVbaulyvpCs2t3xbzqIsyl5Gtd0uT9MApInRZgshHivSICtx6dg==
